
Microsoft Visual Studio Solution File, Format Version 12.00
# Visual Studio Version 17
VisualStudioVersion = 17.0.31903.59
MinimumVisualStudioVersion = 10.0.40219.1
Project("{9A19103F-16F7-4668-BE54-9A1E7A4F7556}") = "RotaApi", "RotaApi\RotaApi.csproj", "{4619C5E1-496A-4C85-8D6F-030802623004}"
EndProject
Project("{9A19103F-16F7-4668-BE54-9A1E7A4F7556}") = "Application", "Application\Application.csproj", "{3FA84188-0EA6-4737-876B-60DE77C5DBD9}"
EndProject
Project("{9A19103F-16F7-4668-BE54-9A1E7A4F7556}") = "Domain", "Domain\Domain.csproj", "{45C64C40-568E-431C-B15B-DC6A42B9D789}"
EndProject
Project("{9A19103F-16F7-4668-BE54-9A1E7A4F7556}") = "Infrastructure", "Infrastructure\Infrastructure.csproj", "{F9237856-78C0-49F0-B2B5-4CA0E80985E2}"
EndProject
Project("{FAE04EC0-301F-11D3-BF4B-00C04F79EFBC}") = "IOC", "IOC\IOC.csproj", "{D1263B0E-F1BA-454C-BDBF-2EB805A28962}"
EndProject
Project("{FAE04EC0-301F-11D3-BF4B-00C04F79EFBC}") = "CrossCutting", "CrossCutting\CrossCutting.csproj", "{45DF63B6-F75B-4C43-8B44-E8D2C1281319}"
EndProject
Global
	GlobalSection(SolutionConfigurationPlatforms) = preSolution
		Debug|Any CPU = Debug|Any CPU
		Release|Any CPU = Release|Any CPU
	EndGlobalSection
	GlobalSection(ProjectConfigurationPlatforms) = postSolution
		{4619C5E1-496A-4C85-8D6F-030802623004}.Debug|Any CPU.ActiveCfg = Debug|Any CPU
		{4619C5E1-496A-4C85-8D6F-030802623004}.Debug|Any CPU.Build.0 = Debug|Any CPU
		{4619C5E1-496A-4C85-8D6F-030802623004}.Release|Any CPU.ActiveCfg = Release|Any CPU
		{4619C5E1-496A-4C85-8D6F-030802623004}.Release|Any CPU.Build.0 = Release|Any CPU
		{3FA84188-0EA6-4737-876B-60DE77C5DBD9}.Debug|Any CPU.ActiveCfg = Debug|Any CPU
		{3FA84188-0EA6-4737-876B-60DE77C5DBD9}.Debug|Any CPU.Build.0 = Debug|Any CPU
		{3FA84188-0EA6-4737-876B-60DE77C5DBD9}.Release|Any CPU.ActiveCfg = Release|Any CPU
		{3FA84188-0EA6-4737-876B-60DE77C5DBD9}.Release|Any CPU.Build.0 = Release|Any CPU
		{45C64C40-568E-431C-B15B-DC6A42B9D789}.Debug|Any CPU.ActiveCfg = Debug|Any CPU
		{45C64C40-568E-431C-B15B-DC6A42B9D789}.Debug|Any CPU.Build.0 = Debug|Any CPU
		{45C64C40-568E-431C-B15B-DC6A42B9D789}.Release|Any CPU.ActiveCfg = Release|Any CPU
		{45C64C40-568E-431C-B15B-DC6A42B9D789}.Release|Any CPU.Build.0 = Release|Any CPU
		{F9237856-78C0-49F0-B2B5-4CA0E80985E2}.Debug|Any CPU.ActiveCfg = Debug|Any CPU
		{F9237856-78C0-49F0-B2B5-4CA0E80985E2}.Debug|Any CPU.Build.0 = Debug|Any CPU
		{F9237856-78C0-49F0-B2B5-4CA0E80985E2}.Release|Any CPU.ActiveCfg = Release|Any CPU
		{F9237856-78C0-49F0-B2B5-4CA0E80985E2}.Release|Any CPU.Build.0 = Release|Any CPU
		{D1263B0E-F1BA-454C-BDBF-2EB805A28962}.Debug|Any CPU.ActiveCfg = Debug|Any CPU
		{D1263B0E-F1BA-454C-BDBF-2EB805A28962}.Debug|Any CPU.Build.0 = Debug|Any CPU
		{D1263B0E-F1BA-454C-BDBF-2EB805A28962}.Release|Any CPU.ActiveCfg = Release|Any CPU
		{D1263B0E-F1BA-454C-BDBF-2EB805A28962}.Release|Any CPU.Build.0 = Release|Any CPU
		{45DF63B6-F75B-4C43-8B44-E8D2C1281319}.Debug|Any CPU.ActiveCfg = Debug|Any CPU
		{45DF63B6-F75B-4C43-8B44-E8D2C1281319}.Debug|Any CPU.Build.0 = Debug|Any CPU
		{45DF63B6-F75B-4C43-8B44-E8D2C1281319}.Release|Any CPU.ActiveCfg = Release|Any CPU
		{45DF63B6-F75B-4C43-8B44-E8D2C1281319}.Release|Any CPU.Build.0 = Release|Any CPU
	EndGlobalSection
	GlobalSection(SolutionProperties) = preSolution
		HideSolutionNode = FALSE
	EndGlobalSection
	GlobalSection(ExtensibilityGlobals) = postSolution
		SolutionGuid = {7AAC2895-CCFF-41E6-BE0F-76646DDF5A2E}
	EndGlobalSection
EndGlobal
